
Microsoft Visual Studio Solution File, Format Version 12.00
# Visual Studio Version 16
VisualStudioVersion = 16.0.31205.134
MinimumVisualStudioVersion = 10.0.40219.1
Project("{FAE04EC0-301F-11D3-BF4B-00C04F79EFBC}") = "UsaDLL", "UsaDLL\UsaDLL.csproj", "{394F5D33-04FF-4403-8A5C-379D14ECB43B}"
EndProject
Project("{FAE04EC0-301F-11D3-BF4B-00C04F79EFBC}") = "WinUseDll", "WinUseDll\WinUseDll.csproj", "{31FA7685-27E9-4E5E-8AC5-51FE5B9269EE}"
EndProject
Global
	GlobalSection(SolutionConfigurationPlatforms) = preSolution
		Debug|Any CPU = Debug|Any CPU
		Release|Any CPU = Release|Any CPU
	EndGlobalSection
	GlobalSection(ProjectConfigurationPlatforms) = postSolution
		{394F5D33-04FF-4403-8A5C-379D14ECB43B}.Debug|Any CPU.ActiveCfg = Debug|Any CPU
		{394F5D33-04FF-4403-8A5C-379D14ECB43B}.Debug|Any CPU.Build.0 = Debug|Any CPU
		{394F5D33-04FF-4403-8A5C-379D14ECB43B}.Release|Any CPU.ActiveCfg = Release|Any CPU
		{394F5D33-04FF-4403-8A5C-379D14ECB43B}.Release|Any CPU.Build.0 = Release|Any CPU
		{31FA7685-27E9-4E5E-8AC5-51FE5B9269EE}.Debug|Any CPU.ActiveCfg = Debug|Any CPU
		{31FA7685-27E9-4E5E-8AC5-51FE5B9269EE}.Debug|Any CPU.Build.0 = Debug|Any CPU
		{31FA7685-27E9-4E5E-8AC5-51FE5B9269EE}.Release|Any CPU.ActiveCfg = Release|Any CPU
		{31FA7685-27E9-4E5E-8AC5-51FE5B9269EE}.Release|Any CPU.Build.0 = Release|Any CPU
	EndGlobalSection
	GlobalSection(SolutionProperties) = preSolution
		HideSolutionNode = FALSE
	EndGlobalSection
	GlobalSection(ExtensibilityGlobals) = postSolution
		SolutionGuid = {3B137844-D9FF-40B3-B5FA-73C08328890C}
	EndGlobalSection
EndGlobal
