
Microsoft Visual Studio Solution File, Format Version 12.00
# Visual Studio Version 16
VisualStudioVersion = 16.0.29911.84
MinimumVisualStudioVersion = 10.0.40219.1
Project("{FAE04EC0-301F-11D3-BF4B-00C04F79EFBC}") = "ExemploWindowsForm", "ExemploWindowsForm\ExemploWindowsForm.csproj", "{B437EC62-02A9-41CD-A61B-BFDDABB8D008}"
EndProject
Global
	GlobalSection(SolutionConfigurationPlatforms) = preSolution
		Debug|Any CPU = Debug|Any CPU
		Release|Any CPU = Release|Any CPU
	EndGlobalSection
	GlobalSection(ProjectConfigurationPlatforms) = postSolution
		{B437EC62-02A9-41CD-A61B-BFDDABB8D008}.Debug|Any CPU.ActiveCfg = Debug|Any CPU
		{B437EC62-02A9-41CD-A61B-BFDDABB8D008}.Debug|Any CPU.Build.0 = Debug|Any CPU
		{B437EC62-02A9-41CD-A61B-BFDDABB8D008}.Release|Any CPU.ActiveCfg = Release|Any CPU
		{B437EC62-02A9-41CD-A61B-BFDDABB8D008}.Release|Any CPU.Build.0 = Release|Any CPU
	EndGlobalSection
	GlobalSection(SolutionProperties) = preSolution
		HideSolutionNode = FALSE
	EndGlobalSection
	GlobalSection(ExtensibilityGlobals) = postSolution
		SolutionGuid = {99BD9EFD-EDC7-49EE-B05D-53C2F5EA9063}
	EndGlobalSection
EndGlobal
